// !$*UTF8*$!
{
	archiveVersion = 1;
	classes = {
	};
	objectVersion = 77;
	objects = {

/* Begin PBXBuildFile section */
		F29F21412F5F620700683551 /* Auth in Frameworks */ = {isa = PBXBuildFile; productRef = F29F21402F5F620700683551 /* Auth */; };
		F29F21432F5F620700683551 /* Functions in Frameworks */ = {isa = PBXBuildFile; productRef = F29F21422F5F620700683551 /* Functions */; };
		F29F21452F5F620700683551 /* PostgREST in Frameworks */ = {isa = PBXBuildFile; productRef = F29F21442F5F620700683551 /* PostgREST */; };
		F29F21472F5F620700683551 /* Realtime in Frameworks */ = {isa = PBXBuildFile; productRef = F29F21462F5F620700683551 /* Realtime */; };
		F29F21492F5F620700683551 /* Storage in Frameworks */ = {isa = PBXBuildFile; productRef = F29F21482F5F620700683551 /* Storage */; };
		F29F214B2F5F620700683551 /* Supabase in Frameworks */ = {isa = PBXBuildFile; productRef = F29F214A2F5F620700683551 /* Supabase */; };
		F2FA6B0C2F7C0635009E1AB8 /* WidgetKit.framework in Frameworks */ = {isa = PBXBuildFile; fileRef = F2FA6B0B2F7C0635009E1AB8 /* WidgetKit.framework */; };
		F2FA6B0E2F7C0635009E1AB8 /* SwiftUI.framework in Frameworks */ = {isa = PBXBuildFile; fileRef = F2FA6B0D2F7C0635009E1AB8 /* SwiftUI.framework */; };
		F2FA6B1F2F7C0636009E1AB8 /* XomfitWidgetExtension.appex in Embed Foundation Extensions */ = {isa = PBXBuildFile; fileRef = F2FA6B092F7C0635009E1AB8 /* XomfitWidgetExtension.appex */; settings = {ATTRIBUTES = (RemoveHeadersOnCopy, ); }; };
/* End PBXBuildFile section */

/* Begin PBXContainerItemProxy section */
		F2FA6B1D2F7C0636009E1AB8 /* PBXContainerItemProxy */ = {
			isa = PBXContainerItemProxy;
			containerPortal = F29F21292F5F61DC00683551 /* Project object */;
			proxyType = 1;
			remoteGlobalIDString = F2FA6B082F7C0635009E1AB8;
			remoteInfo = XomfitWidgetExtension;
		};
/* End PBXContainerItemProxy section */

/* Begin PBXCopyFilesBuildPhase section */
		F2FA6B242F7C0636009E1AB8 /* Embed Foundation Extensions */ = {
			isa = PBXCopyFilesBuildPhase;
			buildActionMask = 2147483647;
			dstPath = "";
			dstSubfolderSpec = 13;
			files = (
				F2FA6B1F2F7C0636009E1AB8 /* XomfitWidgetExtension.appex in Embed Foundation Extensions */,
			);
			name = "Embed Foundation Extensions";
			runOnlyForDeploymentPostprocessing = 0;
		};
/* End PBXCopyFilesBuildPhase section */

/* Begin PBXFileReference section */
		F29F21312F5F61DC00683551 /* Xomfit.app */ = {isa = PBXFileReference; explicitFileType = wrapper.application; includeInIndex = 0; path = Xomfit.app; sourceTree = BUILT_PRODUCTS_DIR; };
		F29F22FD2F5F635F00683551 /* CHALLENGES_SCHEMA.sql */ = {isa = PBXFileReference; lastKnownFileType = text; path = CHALLENGES_SCHEMA.sql; sourceTree = "<group>"; };
		F29F22FE2F5F635F00683551 /* CHANGELOG.md */ = {isa = PBXFileReference; lastKnownFileType = net.daringfireball.markdown; path = CHANGELOG.md; sourceTree = "<group>"; };
		F29F22FF2F5F635F00683551 /* FEATURES.md */ = {isa = PBXFileReference; lastKnownFileType = net.daringfireball.markdown; path = FEATURES.md; sourceTree = "<group>"; };
		F29F23002F5F635F00683551 /* SETUP.md */ = {isa = PBXFileReference; lastKnownFileType = net.daringfireball.markdown; path = SETUP.md; sourceTree = "<group>"; };
		F29F23012F5F635F00683551 /* SETUP_GUIDE.md */ = {isa = PBXFileReference; lastKnownFileType = net.daringfireball.markdown; path = SETUP_GUIDE.md; sourceTree = "<group>"; };
		F29F23032F5F635F00683551 /* Info.plist.example */ = {isa = PBXFileReference; lastKnownFileType = text.xml; path = Info.plist.example; sourceTree = "<group>"; };
		F29F23052F5F635F00683551 /* 20260228_body_composition.sql */ = {isa = PBXFileReference; lastKnownFileType = text; path = 20260228_body_composition.sql; sourceTree = "<group>"; };
		F29F23062F5F635F00683551 /* 20260228_form_check_videos.sql */ = {isa = PBXFileReference; lastKnownFileType = text; path = 20260228_form_check_videos.sql; sourceTree = "<group>"; };
		F29F23072F5F635F00683551 /* 20260228_gym_checkins.sql */ = {isa = PBXFileReference; lastKnownFileType = text; path = 20260228_gym_checkins.sql; sourceTree = "<group>"; };
		F29F23082F5F635F00683551 /* 20260228_push_notifications.sql */ = {isa = PBXFileReference; lastKnownFileType = text; path = 20260228_push_notifications.sql; sourceTree = "<group>"; };
		F29F23092F5F635F00683551 /* 20260228_workout_marketplace.sql */ = {isa = PBXFileReference; lastKnownFileType = text; path = 20260228_workout_marketplace.sql; sourceTree = "<group>"; };
		F29F230A2F5F635F00683551 /* 20260301_add_nutrition.sql */ = {isa = PBXFileReference; lastKnownFileType = text; path = 20260301_add_nutrition.sql; sourceTree = "<group>"; };
		F29F230B2F5F635F00683551 /* 20260306_social_feed.sql */ = {isa = PBXFileReference; lastKnownFileType = text; path = 20260306_social_feed.sql; sourceTree = "<group>"; };
		F29F230E2F5F635F00683551 /* AnalyticsViewModelTests.swift */ = {isa = PBXFileReference; lastKnownFileType = sourcecode.swift; path = AnalyticsViewModelTests.swift; sourceTree = "<group>"; };
		F29F23112F5F635F00683551 /* page.tsx */ = {isa = PBXFileReference; lastKnownFileType = sourcecode.typescript; path = page.tsx; sourceTree = "<group>"; };
		F29F23132F5F635F00683551 /* page.tsx */ = {isa = PBXFileReference; lastKnownFileType = sourcecode.typescript; path = page.tsx; sourceTree = "<group>"; };
		F29F23152F5F635F00683551 /* page.tsx */ = {isa = PBXFileReference; lastKnownFileType = sourcecode.typescript; path = page.tsx; sourceTree = "<group>"; };
		F29F23172F5F635F00683551 /* page.tsx */ = {isa = PBXFileReference; lastKnownFileType = sourcecode.typescript; path = page.tsx; sourceTree = "<group>"; };
		F29F23192F5F635F00683551 /* page.tsx */ = {isa = PBXFileReference; lastKnownFileType = sourcecode.typescript; path = page.tsx; sourceTree = "<group>"; };
		F29F231C2F5F635F00683551 /* page.tsx */ = {isa = PBXFileReference; lastKnownFileType = sourcecode.typescript; path = page.tsx; sourceTree = "<group>"; };
		F29F231E2F5F635F00683551 /* page.tsx */ = {isa = PBXFileReference; lastKnownFileType = sourcecode.typescript; path = page.tsx; sourceTree = "<group>"; };
		F29F23202F5F635F00683551 /* favicon.ico */ = {isa = PBXFileReference; lastKnownFileType = image.ico; path = favicon.ico; sourceTree = "<group>"; };
		F29F23212F5F635F00683551 /* globals.css */ = {isa = PBXFileReference; lastKnownFileType = text.css; path = globals.css; sourceTree = "<group>"; };
		F29F23222F5F635F00683551 /* layout.tsx */ = {isa = PBXFileReference; lastKnownFileType = sourcecode.typescript; path = layout.tsx; sourceTree = "<group>"; };
		F29F23232F5F635F00683551 /* page.tsx */ = {isa = PBXFileReference; lastKnownFileType = sourcecode.typescript; path = page.tsx; sourceTree = "<group>"; };
		F29F23252F5F635F00683551 /* ExerciseChart.tsx */ = {isa = PBXFileReference; lastKnownFileType = sourcecode.typescript; path = ExerciseChart.tsx; sourceTree = "<group>"; };
		F29F23262F5F635F00683551 /* Navigation.tsx */ = {isa = PBXFileReference; lastKnownFileType = sourcecode.typescript; path = Navigation.tsx; sourceTree = "<group>"; };
		F29F23272F5F635F00683551 /* PRBadge.tsx */ = {isa = PBXFileReference; lastKnownFileType = sourcecode.typescript; path = PRBadge.tsx; sourceTree = "<group>"; };
		F29F23282F5F635F00683551 /* StatCard.tsx */ = {isa = PBXFileReference; lastKnownFileType = sourcecode.typescript; path = StatCard.tsx; sourceTree = "<group>"; };
		F29F23292F5F635F00683551 /* WorkoutCard.tsx */ = {isa = PBXFileReference; lastKnownFileType = sourcecode.typescript; path = WorkoutCard.tsx; sourceTree = "<group>"; };
		F29F232B2F5F635F00683551 /* supabase.ts */ = {isa = PBXFileReference; lastKnownFileType = sourcecode.typescript; path = supabase.ts; sourceTree = "<group>"; };
		F29F232D2F5F635F00683551 /* file.svg */ = {isa = PBXFileReference; lastKnownFileType = text; path = file.svg; sourceTree = "<group>"; };
		F29F232E2F5F635F00683551 /* globe.svg */ = {isa = PBXFileReference; lastKnownFileType = text; path = globe.svg; sourceTree = "<group>"; };
		F29F232F2F5F635F00683551 /* next.svg */ = {isa = PBXFileReference; lastKnownFileType = text; path = next.svg; sourceTree = "<group>"; };
		F29F23302F5F635F00683551 /* vercel.svg */ = {isa = PBXFileReference; lastKnownFileType = text; path = vercel.svg; sourceTree = "<group>"; };
		F29F23312F5F635F00683551 /* window.svg */ = {isa = PBXFileReference; lastKnownFileType = text; path = window.svg; sourceTree = "<group>"; };
		F29F23332F5F635F00683551 /* .gitignore */ = {isa = PBXFileReference; lastKnownFileType = text; path = .gitignore; sourceTree = "<group>"; };
		F29F23342F5F635F00683551 /* eslint.config.mjs */ = {isa = PBXFileReference; lastKnownFileType = text; path = eslint.config.mjs; sourceTree = "<group>"; };
		F29F23352F5F635F00683551 /* next.config.ts */ = {isa = PBXFileReference; lastKnownFileType = sourcecode.typescript; path = next.config.ts; sourceTree = "<group>"; };
		F29F23362F5F635F00683551 /* package.json */ = {isa = PBXFileReference; lastKnownFileType = text.json; path = package.json; sourceTree = "<group>"; };
		F29F23372F5F635F00683551 /* package-lock.json */ = {isa = PBXFileReference; lastKnownFileType = text.json; path = "package-lock.json"; sourceTree = "<group>"; };
		F29F23382F5F635F00683551 /* postcss.config.mjs */ = {isa = PBXFileReference; lastKnownFileType = text; path = postcss.config.mjs; sourceTree = "<group>"; };
		F29F233A2F5F635F00683551 /* tsconfig.json */ = {isa = PBXFileReference; lastKnownFileType = text.json; path = tsconfig.json; sourceTree = "<group>"; };
		F29F233C2F5F635F00683551 /* WatchConnectivityManagerTests.swift */ = {isa = PBXFileReference; lastKnownFileType = sourcecode.swift; path = WatchConnectivityManagerTests.swift; sourceTree = "<group>"; };
		F29F233E2F5F635F00683551 /* AdvancedStatsTests.swift */ = {isa = PBXFileReference; lastKnownFileType = sourcecode.swift; path = AdvancedStatsTests.swift; sourceTree = "<group>"; };
		F29F233F2F5F635F00683551 /* AICoachTests.swift */ = {isa = PBXFileReference; lastKnownFileType = sourcecode.swift; path = AICoachTests.swift; sourceTree = "<group>"; };
		F29F23402F5F635F00683551 /* AICoachViewModelTests.swift */ = {isa = PBXFileReference; lastKnownFileType = sourcecode.swift; path = AICoachViewModelTests.swift; sourceTree = "<group>"; };
		F29F23412F5F635F00683551 /* AnimationTests.swift */ = {isa = PBXFileReference; lastKnownFileType = sourcecode.swift; path = AnimationTests.swift; sourceTree = "<group>"; };
		F29F23422F5F635F00683551 /* AuthServiceTests.swift */ = {isa = PBXFileReference; lastKnownFileType = sourcecode.swift; path = AuthServiceTests.swift; sourceTree = "<group>"; };
		F29F23432F5F635F00683551 /* AuthValidationTests.swift */ = {isa = PBXFileReference; lastKnownFileType = sourcecode.swift; path = AuthValidationTests.swift; sourceTree = "<group>"; };
		F29F23442F5F635F00683551 /* BodyCompositionTests.swift */ = {isa = PBXFileReference; lastKnownFileType = sourcecode.swift; path = BodyCompositionTests.swift; sourceTree = "<group>"; };
		F29F23452F5F635F00683551 /* ChallengeTests.swift */ = {isa = PBXFileReference; lastKnownFileType = sourcecode.swift; path = ChallengeTests.swift; sourceTree = "<group>"; };
		F29F23462F5F635F00683551 /* ChallengeViewModelTests.swift */ = {isa = PBXFileReference; lastKnownFileType = sourcecode.swift; path = ChallengeViewModelTests.swift; sourceTree = "<group>"; };
		F29F23472F5F635F00683551 /* ExportTests.swift */ = {isa = PBXFileReference; lastKnownFileType = sourcecode.swift; path = ExportTests.swift; sourceTree = "<group>"; };
		F29F23482F5F635F00683551 /* FeedViewModelTests.swift */ = {isa = PBXFileReference; lastKnownFileType = sourcecode.swift; path = FeedViewModelTests.swift; sourceTree = "<group>"; };
		F29F23492F5F635F00683551 /* HealthKitTests.swift */ = {isa = PBXFileReference; lastKnownFileType = sourcecode.swift; path = HealthKitTests.swift; sourceTree = "<group>"; };
		F29F234A2F5F635F00683551 /* LeaderboardTests.swift */ = {isa = PBXFileReference; lastKnownFileType = sourcecode.swift; path = LeaderboardTests.swift; sourceTree = "<group>"; };
		F29F234B2F5F635F00683551 /* PRCalculatorTests.swift */ = {isa = PBXFileReference; lastKnownFileType = sourcecode.swift; path = PRCalculatorTests.swift; sourceTree = "<group>"; };
		F29F234C2F5F635F00683551 /* ProfileViewModelTests.swift */ = {isa = PBXFileReference; lastKnownFileType = sourcecode.swift; path = ProfileViewModelTests.swift; sourceTree = "<group>"; };
		F29F234D2F5F635F00683551 /* ProgramTests.swift */ = {isa = PBXFileReference; lastKnownFileType = sourcecode.swift; path = ProgramTests.swift; sourceTree = "<group>"; };
		F29F234E2F5F635F00683551 /* ProgressiveOverloadEngineTests.swift */ = {isa = PBXFileReference; lastKnownFileType = sourcecode.swift; path = ProgressiveOverloadEngineTests.swift; sourceTree = "<group>"; };
		F29F234F2F5F635F00683551 /* PRViewModelTests.swift */ = {isa = PBXFileReference; lastKnownFileType = sourcecode.swift; path = PRViewModelTests.swift; sourceTree = "<group>"; };
		F29F23502F5F635F00683551 /* RecoveryTests.swift */ = {isa = PBXFileReference; lastKnownFileType = sourcecode.swift; path = RecoveryTests.swift; sourceTree = "<group>"; };
		F29F23512F5F635F00683551 /* SessionManagerTests.swift */ = {isa = PBXFileReference; lastKnownFileType = sourcecode.swift; path = SessionManagerTests.swift; sourceTree = "<group>"; };
		F29F23522F5F635F00683551 /* SmartRestTimerTests.swift */ = {isa = PBXFileReference; lastKnownFileType = sourcecode.swift; path = SmartRestTimerTests.swift; sourceTree = "<group>"; };
		F29F23532F5F635F00683551 /* UserProfileServiceTests.swift */ = {isa = PBXFileReference; lastKnownFileType = sourcecode.swift; path = UserProfileServiceTests.swift; sourceTree = "<group>"; };
		F29F23542F5F635F00683551 /* VideoAnalysisTests.swift */ = {isa = PBXFileReference; lastKnownFileType = sourcecode.swift; path = VideoAnalysisTests.swift; sourceTree = "<group>"; };
		F29F23552F5F635F00683551 /* WorkoutCardViewModelTests.swift */ = {isa = PBXFileReference; lastKnownFileType = sourcecode.swift; path = WorkoutCardViewModelTests.swift; sourceTree = "<group>"; };
		F29F23562F5F635F00683551 /* WorkoutLoggerViewModelTests.swift */ = {isa = PBXFileReference; lastKnownFileType = sourcecode.swift; path = WorkoutLoggerViewModelTests.swift; sourceTree = "<group>"; };
		F29F23582F5F635F00683551 /* AuthUITests.swift */ = {isa = PBXFileReference; lastKnownFileType = sourcecode.swift; path = AuthUITests.swift; sourceTree = "<group>"; };
		F29F235A2F5F635F00683551 /* LogSetView.swift */ = {isa = PBXFileReference; lastKnownFileType = sourcecode.swift; path = LogSetView.swift; sourceTree = "<group>"; };
		F29F235B2F5F635F00683551 /* RestTimerView.swift */ = {isa = PBXFileReference; lastKnownFileType = sourcecode.swift; path = RestTimerView.swift; sourceTree = "<group>"; };
		F29F235C2F5F635F00683551 /* WatchConnectivityManager.swift */ = {isa = PBXFileReference; lastKnownFileType = sourcecode.swift; path = WatchConnectivityManager.swift; sourceTree = "<group>"; };
		F29F235D2F5F635F00683551 /* WatchWorkoutManager.swift */ = {isa = PBXFileReference; lastKnownFileType = sourcecode.swift; path = WatchWorkoutManager.swift; sourceTree = "<group>"; };
		F29F235E2F5F635F00683551 /* WorkoutControlView.swift */ = {isa = PBXFileReference; lastKnownFileType = sourcecode.swift; path = WorkoutControlView.swift; sourceTree = "<group>"; };
		F29F235F2F5F635F00683551 /* XomFitComplication.swift */ = {isa = PBXFileReference; lastKnownFileType = sourcecode.swift; path = XomFitComplication.swift; sourceTree = "<group>"; };
		F29F23602F5F635F00683551 /* XomFitWatchApp.swift */ = {isa = PBXFileReference; lastKnownFileType = sourcecode.swift; path = XomFitWatchApp.swift; sourceTree = "<group>"; };
		F2FA6B092F7C0635009E1AB8 /* XomfitWidgetExtension.appex */ = {isa = PBXFileReference; explicitFileType = "wrapper.app-extension"; includeInIndex = 0; path = XomfitWidgetExtension.appex; sourceTree = BUILT_PRODUCTS_DIR; };
		F2FA6B0B2F7C0635009E1AB8 /* WidgetKit.framework */ = {isa = PBXFileReference; lastKnownFileType = wrapper.framework; name = WidgetKit.framework; path = System/Library/Frameworks/WidgetKit.framework; sourceTree = SDKROOT; };
		F2FA6B0D2F7C0635009E1AB8 /* SwiftUI.framework */ = {isa = PBXFileReference; lastKnownFileType = wrapper.framework; name = SwiftUI.framework; path = System/Library/Frameworks/SwiftUI.framework; sourceTree = SDKROOT; };
/* End PBXFileReference section */

/* Begin PBXFileSystemSynchronizedBuildFileExceptionSet section */
		F2FA6B202F7C0636009E1AB8 /* Exceptions for "XomfitWidget" folder in "XomfitWidgetExtension" target */ = {
			isa = PBXFileSystemSynchronizedBuildFileExceptionSet;
			membershipExceptions = (
				Info.plist,
			);
			target = F2FA6B082F7C0635009E1AB8 /* XomfitWidgetExtension */;
		};
/* End PBXFileSystemSynchronizedBuildFileExceptionSet section */

/* Begin PBXFileSystemSynchronizedRootGroup section */
		F29F21332F5F61DC00683551 /* Xomfit */ = {
			isa = PBXFileSystemSynchronizedRootGroup;
			path = Xomfit;
			sourceTree = "<group>";
		};
		F2FA6B0F2F7C0635009E1AB8 /* XomfitWidget */ = {
			isa = PBXFileSystemSynchronizedRootGroup;
			exceptions = (
				F2FA6B202F7C0636009E1AB8 /* Exceptions for "XomfitWidget" folder in "XomfitWidgetExtension" target */,
			);
			path = XomfitWidget;
			sourceTree = "<group>";
		};
/* End PBXFileSystemSynchronizedRootGroup section */

/* Begin PBXFrameworksBuildPhase section */
		F29F212E2F5F61DC00683551 /* Frameworks */ = {
			isa = PBXFrameworksBuildPhase;
			buildActionMask = 2147483647;
			files = (
				F29F21452F5F620700683551 /* PostgREST in Frameworks */,
				F29F21432F5F620700683551 /* Functions in Frameworks */,
				F29F21412F5F620700683551 /* Auth in Frameworks */,
				F29F21492F5F620700683551 /* Storage in Frameworks */,
				F29F21472F5F620700683551 /* Realtime in Frameworks */,
				F29F214B2F5F620700683551 /* Supabase in Frameworks */,
			);
			runOnlyForDeploymentPostprocessing = 0;
		};
		F2FA6B062F7C0635009E1AB8 /* Frameworks */ = {
			isa = PBXFrameworksBuildPhase;
			buildActionMask = 2147483647;
			files = (
				F2FA6B0E2F7C0635009E1AB8 /* SwiftUI.framework in Frameworks */,
				F2FA6B0C2F7C0635009E1AB8 /* WidgetKit.framework in Frameworks */,
			);
			runOnlyForDeploymentPostprocessing = 0;
		};
/* End PBXFrameworksBuildPhase section */

/* Begin PBXGroup section */
		F29F21282F5F61DC00683551 = {
			isa = PBXGroup;
			children = (
				F29F22FD2F5F635F00683551 /* CHALLENGES_SCHEMA.sql */,
				F29F22FE2F5F635F00683551 /* CHANGELOG.md */,
				F29F23022F5F635F00683551 /* docs */,
				F29F23032F5F635F00683551 /* Info.plist.example */,
				F29F230D2F5F635F00683551 /* supabase */,
				F29F23102F5F635F00683551 /* Tests */,
				F29F233B2F5F635F00683551 /* web */,
				F29F23572F5F635F00683551 /* XomFitTests */,
				F29F23592F5F635F00683551 /* XomFitUITests */,
				F29F23612F5F635F00683551 /* XomFitWatch */,
				F29F21332F5F61DC00683551 /* Xomfit */,
				F2FA6B0F2F7C0635009E1AB8 /* XomfitWidget */,
				F2FA6B0A2F7C0635009E1AB8 /* Frameworks */,
				F29F21322F5F61DC00683551 /* Products */,
			);
			sourceTree = "<group>";
		};
		F29F21322F5F61DC00683551 /* Products */ = {
			isa = PBXGroup;
			children = (
				F29F21312F5F61DC00683551 /* Xomfit.app */,
				F2FA6B092F7C0635009E1AB8 /* XomfitWidgetExtension.appex */,
			);
			name = Products;
			sourceTree = "<group>";
		};
		F29F23022F5F635F00683551 /* docs */ = {
			isa = PBXGroup;
			children = (
				F29F22FF2F5F635F00683551 /* FEATURES.md */,
				F29F23002F5F635F00683551 /* SETUP.md */,
				F29F23012F5F635F00683551 /* SETUP_GUIDE.md */,
			);
			path = docs;
			sourceTree = "<group>";
		};
		F29F230C2F5F635F00683551 /* migrations */ = {
			isa = PBXGroup;
			children = (
				F29F23052F5F635F00683551 /* 20260228_body_composition.sql */,
				F29F23062F5F635F00683551 /* 20260228_form_check_videos.sql */,
				F29F23072F5F635F00683551 /* 20260228_gym_checkins.sql */,
				F29F23082F5F635F00683551 /* 20260228_push_notifications.sql */,
				F29F23092F5F635F00683551 /* 20260228_workout_marketplace.sql */,
				F29F230A2F5F635F00683551 /* 20260301_add_nutrition.sql */,
				F29F230B2F5F635F00683551 /* 20260306_social_feed.sql */,
			);
			path = migrations;
			sourceTree = "<group>";
		};
		F29F230D2F5F635F00683551 /* supabase */ = {
			isa = PBXGroup;
			children = (
				F29F230C2F5F635F00683551 /* migrations */,
			);
			path = supabase;
			sourceTree = "<group>";
		};
		F29F230F2F5F635F00683551 /* AnalyticsTests */ = {
			isa = PBXGroup;
			children = (
				F29F230E2F5F635F00683551 /* AnalyticsViewModelTests.swift */,
			);
			path = AnalyticsTests;
			sourceTree = "<group>";
		};
		F29F23102F5F635F00683551 /* Tests */ = {
			isa = PBXGroup;
			children = (
				F29F230F2F5F635F00683551 /* AnalyticsTests */,
			);
			path = Tests;
			sourceTree = "<group>";
		};
		F29F23122F5F635F00683551 /* analytics */ = {
			isa = PBXGroup;
			children = (
				F29F23112F5F635F00683551 /* page.tsx */,
			);
			path = analytics;
			sourceTree = "<group>";
		};
		F29F23142F5F635F00683551 /* dashboard */ = {
			isa = PBXGroup;
			children = (
				F29F23132F5F635F00683551 /* page.tsx */,
			);
			path = dashboard;
			sourceTree = "<group>";
		};
		F29F23162F5F635F00683551 /* feed */ = {
			isa = PBXGroup;
			children = (
				F29F23152F5F635F00683551 /* page.tsx */,
			);
			path = feed;
			sourceTree = "<group>";
		};
		F29F23182F5F635F00683551 /* login */ = {
			isa = PBXGroup;
			children = (
				F29F23172F5F635F00683551 /* page.tsx */,
			);
			path = login;
			sourceTree = "<group>";
		};
		F29F231A2F5F635F00683551 /* [username] */ = {
			isa = PBXGroup;
			children = (
				F29F23192F5F635F00683551 /* page.tsx */,
			);
			path = "[username]";
			sourceTree = "<group>";
		};
		F29F231B2F5F635F00683551 /* profile */ = {
			isa = PBXGroup;
			children = (
				F29F231A2F5F635F00683551 /* [username] */,
			);
			path = profile;
			sourceTree = "<group>";
		};
		F29F231D2F5F635F00683551 /* [id] */ = {
			isa = PBXGroup;
			children = (
				F29F231C2F5F635F00683551 /* page.tsx */,
			);
			path = "[id]";
			sourceTree = "<group>";
		};
		F29F231F2F5F635F00683551 /* workouts */ = {
			isa = PBXGroup;
			children = (
				F29F231D2F5F635F00683551 /* [id] */,
				F29F231E2F5F635F00683551 /* page.tsx */,
			);
			path = workouts;
			sourceTree = "<group>";
		};
		F29F23242F5F635F00683551 /* app */ = {
			isa = PBXGroup;
			children = (
				F29F23122F5F635F00683551 /* analytics */,
				F29F23142F5F635F00683551 /* dashboard */,
				F29F23162F5F635F00683551 /* feed */,
				F29F23182F5F635F00683551 /* login */,
				F29F231B2F5F635F00683551 /* profile */,
				F29F231F2F5F635F00683551 /* workouts */,
				F29F23202F5F635F00683551 /* favicon.ico */,
				F29F23212F5F635F00683551 /* globals.css */,
				F29F23222F5F635F00683551 /* layout.tsx */,
				F29F23232F5F635F00683551 /* page.tsx */,
			);
			path = app;
			sourceTree = "<group>";
		};
		F29F232A2F5F635F00683551 /* components */ = {
			isa = PBXGroup;
			children = (
				F29F23252F5F635F00683551 /* ExerciseChart.tsx */,
				F29F23262F5F635F00683551 /* Navigation.tsx */,
				F29F23272F5F635F00683551 /* PRBadge.tsx */,
				F29F23282F5F635F00683551 /* StatCard.tsx */,
				F29F23292F5F635F00683551 /* WorkoutCard.tsx */,
			);
			path = components;
			sourceTree = "<group>";
		};
		F29F232C2F5F635F00683551 /* lib */ = {
			isa = PBXGroup;
			children = (
				F29F232B2F5F635F00683551 /* supabase.ts */,
			);
			path = lib;
			sourceTree = "<group>";
		};
		F29F23322F5F635F00683551 /* public */ = {
			isa = PBXGroup;
			children = (
				F29F232D2F5F635F00683551 /* file.svg */,
				F29F232E2F5F635F00683551 /* globe.svg */,
				F29F232F2F5F635F00683551 /* next.svg */,
				F29F23302F5F635F00683551 /* vercel.svg */,
				F29F23312F5F635F00683551 /* window.svg */,
			);
			path = public;
			sourceTree = "<group>";
		};
		F29F233B2F5F635F00683551 /* web */ = {
			isa = PBXGroup;
			children = (
				F29F23242F5F635F00683551 /* app */,
				F29F232A2F5F635F00683551 /* components */,
				F29F232C2F5F635F00683551 /* lib */,
				F29F23322F5F635F00683551 /* public */,
				F29F23332F5F635F00683551 /* .gitignore */,
				F29F23342F5F635F00683551 /* eslint.config.mjs */,
				F29F23352F5F635F00683551 /* next.config.ts */,
				F29F23362F5F635F00683551 /* package.json */,
				F29F23372F5F635F00683551 /* package-lock.json */,
				F29F23382F5F635F00683551 /* postcss.config.mjs */,
				F29F233A2F5F635F00683551 /* tsconfig.json */,
			);
			path = web;
			sourceTree = "<group>";
		};
		F29F233D2F5F635F00683551 /* WatchConnectivity */ = {
			isa = PBXGroup;
			children = (
				F29F233C2F5F635F00683551 /* WatchConnectivityManagerTests.swift */,
			);
			path = WatchConnectivity;
			sourceTree = "<group>";
		};
		F29F23572F5F635F00683551 /* XomFitTests */ = {
			isa = PBXGroup;
			children = (
				F29F233D2F5F635F00683551 /* WatchConnectivity */,
				F29F233E2F5F635F00683551 /* AdvancedStatsTests.swift */,
				F29F233F2F5F635F00683551 /* AICoachTests.swift */,
				F29F23402F5F635F00683551 /* AICoachViewModelTests.swift */,
				F29F23412F5F635F00683551 /* AnimationTests.swift */,
				F29F23422F5F635F00683551 /* AuthServiceTests.swift */,
				F29F23432F5F635F00683551 /* AuthValidationTests.swift */,
				F29F23442F5F635F00683551 /* BodyCompositionTests.swift */,
				F29F23452F5F635F00683551 /* ChallengeTests.swift */,
				F29F23462F5F635F00683551 /* ChallengeViewModelTests.swift */,
				F29F23472F5F635F00683551 /* ExportTests.swift */,
				F29F23482F5F635F00683551 /* FeedViewModelTests.swift */,
				F29F23492F5F635F00683551 /* HealthKitTests.swift */,
				F29F234A2F5F635F00683551 /* LeaderboardTests.swift */,
				F29F234B2F5F635F00683551 /* PRCalculatorTests.swift */,
				F29F234C2F5F635F00683551 /* ProfileViewModelTests.swift */,
				F29F234D2F5F635F00683551 /* ProgramTests.swift */,
				F29F234E2F5F635F00683551 /* ProgressiveOverloadEngineTests.swift */,
				F29F234F2F5F635F00683551 /* PRViewModelTests.swift */,
				F29F23502F5F635F00683551 /* RecoveryTests.swift */,
				F29F23512F5F635F00683551 /* SessionManagerTests.swift */,
				F29F23522F5F635F00683551 /* SmartRestTimerTests.swift */,
				F29F23532F5F635F00683551 /* UserProfileServiceTests.swift */,
				F29F23542F5F635F00683551 /* VideoAnalysisTests.swift */,
				F29F23552F5F635F00683551 /* WorkoutCardViewModelTests.swift */,
				F29F23562F5F635F00683551 /* WorkoutLoggerViewModelTests.swift */,
			);
			path = XomFitTests;
			sourceTree = "<group>";
		};
		F29F23592F5F635F00683551 /* XomFitUITests */ = {
			isa = PBXGroup;
			children = (
				F29F23582F5F635F00683551 /* AuthUITests.swift */,
			);
			path = XomFitUITests;
			sourceTree = "<group>";
		};
		F29F23612F5F635F00683551 /* XomFitWatch */ = {
			isa = PBXGroup;
			children = (
				F29F235A2F5F635F00683551 /* LogSetView.swift */,
				F29F235B2F5F635F00683551 /* RestTimerView.swift */,
				F29F235C2F5F635F00683551 /* WatchConnectivityManager.swift */,
				F29F235D2F5F635F00683551 /* WatchWorkoutManager.swift */,
				F29F235E2F5F635F00683551 /* WorkoutControlView.swift */,
				F29F235F2F5F635F00683551 /* XomFitComplication.swift */,
				F29F23602F5F635F00683551 /* XomFitWatchApp.swift */,
			);
			path = XomFitWatch;
			sourceTree = "<group>";
		};
		F2FA6B0A2F7C0635009E1AB8 /* Frameworks */ = {
			isa = PBXGroup;
			children = (
				F2FA6B0B2F7C0635009E1AB8 /* WidgetKit.framework */,
				F2FA6B0D2F7C0635009E1AB8 /* SwiftUI.framework */,
			);
			name = Frameworks;
			sourceTree = "<group>";
		};
/* End PBXGroup section */

/* Begin PBXNativeTarget section */
		F29F21302F5F61DC00683551 /* Xomfit */ = {
			isa = PBXNativeTarget;
			buildConfigurationList = F29F213C2F5F61DD00683551 /* Build configuration list for PBXNativeTarget "Xomfit" */;
			buildPhases = (
				F29F212D2F5F61DC00683551 /* Sources */,
				F29F212E2F5F61DC00683551 /* Frameworks */,
				F29F212F2F5F61DC00683551 /* Resources */,
				F2FA6B242F7C0636009E1AB8 /* Embed Foundation Extensions */,
			);
			buildRules = (
			);
			dependencies = (
				F2FA6B1E2F7C0636009E1AB8 /* PBXTargetDependency */,
			);
			fileSystemSynchronizedGroups = (
				F29F21332F5F61DC00683551 /* Xomfit */,
			);
			name = Xomfit;
			packageProductDependencies = (
				F29F21402F5F620700683551 /* Auth */,
				F29F21422F5F620700683551 /* Functions */,
				F29F21442F5F620700683551 /* PostgREST */,
				F29F21462F5F620700683551 /* Realtime */,
				F29F21482F5F620700683551 /* Storage */,
				F29F214A2F5F620700683551 /* Supabase */,
			);
			productName = Xomfit;
			productReference = F29F21312F5F61DC00683551 /* Xomfit.app */;
			productType = "com.apple.product-type.application";
		};
		F2FA6B082F7C0635009E1AB8 /* XomfitWidgetExtension */ = {
			isa = PBXNativeTarget;
			buildConfigurationList = F2FA6B212F7C0636009E1AB8 /* Build configuration list for PBXNativeTarget "XomfitWidgetExtension" */;
			buildPhases = (
				F2FA6B052F7C0635009E1AB8 /* Sources */,
				F2FA6B062F7C0635009E1AB8 /* Frameworks */,
				F2FA6B072F7C0635009E1AB8 /* Resources */,
			);
			buildRules = (
			);
			dependencies = (
			);
			fileSystemSynchronizedGroups = (
				F2FA6B0F2F7C0635009E1AB8 /* XomfitWidget */,
			);
			name = XomfitWidgetExtension;
			packageProductDependencies = (
			);
			productName = XomfitWidgetExtension;
			productReference = F2FA6B092F7C0635009E1AB8 /* XomfitWidgetExtension.appex */;
			productType = "com.apple.product-type.app-extension";
		};
/* End PBXNativeTarget section */

/* Begin PBXProject section */
		F29F21292F5F61DC00683551 /* Project object */ = {
			isa = PBXProject;
			attributes = {
				BuildIndependentTargetsInParallel = 1;
				LastSwiftUpdateCheck = 2620;
				LastUpgradeCheck = 2620;
				TargetAttributes = {
					F29F21302F5F61DC00683551 = {
						CreatedOnToolsVersion = 26.2;
					};
					F2FA6B082F7C0635009E1AB8 = {
						CreatedOnToolsVersion = 26.2;
					};
				};
			};
			buildConfigurationList = F29F212C2F5F61DC00683551 /* Build configuration list for PBXProject "Xomfit" */;
			developmentRegion = en;
			hasScannedForEncodings = 0;
			knownRegions = (
				en,
				Base,
			);
			mainGroup = F29F21282F5F61DC00683551;
			minimizedProjectReferenceProxies = 1;
			packageReferences = (
				F29F213F2F5F620700683551 /* XCRemoteSwiftPackageReference "supabase-swift" */,
			);
			preferredProjectObjectVersion = 77;
			productRefGroup = F29F21322F5F61DC00683551 /* Products */;
			projectDirPath = "";
			projectRoot = "";
			targets = (
				F29F21302F5F61DC00683551 /* Xomfit */,
				F2FA6B082F7C0635009E1AB8 /* XomfitWidgetExtension */,
			);
		};
/* End PBXProject section */

/* Begin PBXResourcesBuildPhase section */
		F29F212F2F5F61DC00683551 /* Resources */ = {
			isa = PBXResourcesBuildPhase;
			buildActionMask = 2147483647;
			files = (
			);
			runOnlyForDeploymentPostprocessing = 0;
		};
		F2FA6B072F7C0635009E1AB8 /* Resources */ = {
			isa = PBXResourcesBuildPhase;
			buildActionMask = 2147483647;
			files = (
			);
			runOnlyForDeploymentPostprocessing = 0;
		};
/* End PBXResourcesBuildPhase section */

/* Begin PBXSourcesBuildPhase section */
		F29F212D2F5F61DC00683551 /* Sources */ = {
			isa = PBXSourcesBuildPhase;
			buildActionMask = 2147483647;
			files = (
			);
			runOnlyForDeploymentPostprocessing = 0;
		};
		F2FA6B052F7C0635009E1AB8 /* Sources */ = {
			isa = PBXSourcesBuildPhase;
			buildActionMask = 2147483647;
			files = (
			);
			runOnlyForDeploymentPostprocessing = 0;
		};
/* End PBXSourcesBuildPhase section */

/* Begin PBXTargetDependency section */
		F2FA6B1E2F7C0636009E1AB8 /* PBXTargetDependency */ = {
			isa = PBXTargetDependency;
			target = F2FA6B082F7C0635009E1AB8 /* XomfitWidgetExtension */;
			targetProxy = F2FA6B1D2F7C0636009E1AB8 /* PBXContainerItemProxy */;
		};
/* End PBXTargetDependency section */

/* Begin XCBuildConfiguration section */
		F29F213A2F5F61DD00683551 /* Debug */ = {
			isa = XCBuildConfiguration;
			buildSettings = {
				ALWAYS_SEARCH_USER_PATHS = NO;
				ASSETCATALOG_COMPILER_GENERATE_SWIFT_ASSET_SYMBOL_EXTENSIONS = YES;
				CLANG_ANALYZER_NONNULL = YES;
				CLANG_ANALYZER_NUMBER_OBJECT_CONVERSION = YES_AGGRESSIVE;
				CLANG_CXX_LANGUAGE_STANDARD = "gnu++20";
				CLANG_ENABLE_MODULES = YES;
				CLANG_ENABLE_OBJC_ARC = YES;
				CLANG_ENABLE_OBJC_WEAK = YES;
				CLANG_WARN_BLOCK_CAPTURE_AUTORELEASING = YES;
				CLANG_WARN_BOOL_CONVERSION = YES;
				CLANG_WARN_COMMA = YES;
				CLANG_WARN_CONSTANT_CONVERSION = YES;
				CLANG_WARN_DEPRECATED_OBJC_IMPLEMENTATIONS = YES;
				CLANG_WARN_DIRECT_OBJC_ISA_USAGE = YES_ERROR;
				CLANG_WARN_DOCUMENTATION_COMMENTS = YES;
				CLANG_WARN_EMPTY_BODY = YES;
				CLANG_WARN_ENUM_CONVERSION = YES;
				CLANG_WARN_INFINITE_RECURSION = YES;
				CLANG_WARN_INT_CONVERSION = YES;
				CLANG_WARN_NON_LITERAL_NULL_CONVERSION = YES;
				CLANG_WARN_OBJC_IMPLICIT_RETAIN_SELF = YES;
				CLANG_WARN_OBJC_LITERAL_CONVERSION = YES;
				CLANG_WARN_OBJC_ROOT_CLASS = YES_ERROR;
				CLANG_WARN_QUOTED_INCLUDE_IN_FRAMEWORK_HEADER = YES;
				CLANG_WARN_RANGE_LOOP_ANALYSIS = YES;
				CLANG_WARN_STRICT_PROTOTYPES = YES;
				CLANG_WARN_SUSPICIOUS_MOVE = YES;
				CLANG_WARN_UNGUARDED_AVAILABILITY = YES_AGGRESSIVE;
				CLANG_WARN_UNREACHABLE_CODE = YES;
				CLANG_WARN__DUPLICATE_METHOD_MATCH = YES;
				COPY_PHASE_STRIP = NO;
				DEBUG_INFORMATION_FORMAT = dwarf;
				DEVELOPMENT_TEAM = A3HMLDS2AL;
				ENABLE_STRICT_OBJC_MSGSEND = YES;
				ENABLE_TESTABILITY = YES;
				ENABLE_USER_SCRIPT_SANDBOXING = YES;
				GCC_C_LANGUAGE_STANDARD = gnu17;
				GCC_DYNAMIC_NO_PIC = NO;
				GCC_NO_COMMON_BLOCKS = YES;
				GCC_OPTIMIZATION_LEVEL = 0;
				GCC_PREPROCESSOR_DEFINITIONS = (
					"DEBUG=1",
					"$(inherited)",
				);
				GCC_WARN_64_TO_32_BIT_CONVERSION = YES;
				GCC_WARN_ABOUT_RETURN_TYPE = YES_ERROR;
				GCC_WARN_UNDECLARED_SELECTOR = YES;
				GCC_WARN_UNINITIALIZED_AUTOS = YES_AGGRESSIVE;
				GCC_WARN_UNUSED_FUNCTION = YES;
				GCC_WARN_UNUSED_VARIABLE = YES;
				IPHONEOS_DEPLOYMENT_TARGET = 26.2;
				LOCALIZATION_PREFERS_STRING_CATALOGS = YES;
				MTL_ENABLE_DEBUG_INFO = INCLUDE_SOURCE;
				MTL_FAST_MATH = YES;
				ONLY_ACTIVE_ARCH = YES;
				SDKROOT = iphoneos;
				SWIFT_ACTIVE_COMPILATION_CONDITIONS = "DEBUG $(inherited)";
				SWIFT_OPTIMIZATION_LEVEL = "-Onone";
			};
			name = Debug;
		};
		F29F213B2F5F61DD00683551 /* Release */ = {
			isa = XCBuildConfiguration;
			buildSettings = {
				ALWAYS_SEARCH_USER_PATHS = NO;
				ASSETCATALOG_COMPILER_GENERATE_SWIFT_ASSET_SYMBOL_EXTENSIONS = YES;
				CLANG_ANALYZER_NONNULL = YES;
				CLANG_ANALYZER_NUMBER_OBJECT_CONVERSION = YES_AGGRESSIVE;
				CLANG_CXX_LANGUAGE_STANDARD = "gnu++20";
				CLANG_ENABLE_MODULES = YES;
				CLANG_ENABLE_OBJC_ARC = YES;
				CLANG_ENABLE_OBJC_WEAK = YES;
				CLANG_WARN_BLOCK_CAPTURE_AUTORELEASING = YES;
				CLANG_WARN_BOOL_CONVERSION = YES;
				CLANG_WARN_COMMA = YES;
				CLANG_WARN_CONSTANT_CONVERSION = YES;
				CLANG_WARN_DEPRECATED_OBJC_IMPLEMENTATIONS = YES;
				CLANG_WARN_DIRECT_OBJC_ISA_USAGE = YES_ERROR;
				CLANG_WARN_DOCUMENTATION_COMMENTS = YES;
				CLANG_WARN_EMPTY_BODY = YES;
				CLANG_WARN_ENUM_CONVERSION = YES;
				CLANG_WARN_INFINITE_RECURSION = YES;
				CLANG_WARN_INT_CONVERSION = YES;
				CLANG_WARN_NON_LITERAL_NULL_CONVERSION = YES;
				CLANG_WARN_OBJC_IMPLICIT_RETAIN_SELF = YES;
				CLANG_WARN_OBJC_LITERAL_CONVERSION = YES;
				CLANG_WARN_OBJC_ROOT_CLASS = YES_ERROR;
				CLANG_WARN_QUOTED_INCLUDE_IN_FRAMEWORK_HEADER = YES;
				CLANG_WARN_RANGE_LOOP_ANALYSIS = YES;
				CLANG_WARN_STRICT_PROTOTYPES = YES;
				CLANG_WARN_SUSPICIOUS_MOVE = YES;
				CLANG_WARN_UNGUARDED_AVAILABILITY = YES_AGGRESSIVE;
				CLANG_WARN_UNREACHABLE_CODE = YES;
				CLANG_WARN__DUPLICATE_METHOD_MATCH = YES;
				COPY_PHASE_STRIP = NO;
				DEBUG_INFORMATION_FORMAT = "dwarf-with-dsym";
				DEVELOPMENT_TEAM = A3HMLDS2AL;
				ENABLE_NS_ASSERTIONS = NO;
				ENABLE_STRICT_OBJC_MSGSEND = YES;
				ENABLE_USER_SCRIPT_SANDBOXING = YES;
				GCC_C_LANGUAGE_STANDARD = gnu17;
				GCC_NO_COMMON_BLOCKS = YES;
				GCC_WARN_64_TO_32_BIT_CONVERSION = YES;
				GCC_WARN_ABOUT_RETURN_TYPE = YES_ERROR;
				GCC_WARN_UNDECLARED_SELECTOR = YES;
				GCC_WARN_UNINITIALIZED_AUTOS = YES_AGGRESSIVE;
				GCC_WARN_UNUSED_FUNCTION = YES;
				GCC_WARN_UNUSED_VARIABLE = YES;
				IPHONEOS_DEPLOYMENT_TARGET = 26.2;
				LOCALIZATION_PREFERS_STRING_CATALOGS = YES;
				MTL_ENABLE_DEBUG_INFO = NO;
				MTL_FAST_MATH = YES;
				SDKROOT = iphoneos;
				SWIFT_COMPILATION_MODE = wholemodule;
				VALIDATE_PRODUCT = YES;
			};
			name = Release;
		};
		F29F213D2F5F61DD00683551 /* Debug */ = {
			isa = XCBuildConfiguration;
			buildSettings = {
				ASSETCATALOG_COMPILER_APPICON_NAME = AppIcon;
				ASSETCATALOG_COMPILER_GLOBAL_ACCENT_COLOR_NAME = AccentColor;
				CODE_SIGN_ENTITLEMENTS = Xomfit/Xomfit.entitlements;
				CODE_SIGN_IDENTITY = "Apple Development";
				CODE_SIGN_STYLE = Automatic;
				CURRENT_PROJECT_VERSION = 3;
				DEVELOPMENT_TEAM = A3HMLDS2AL;
				ENABLE_PREVIEWS = YES;
				GENERATE_INFOPLIST_FILE = YES;
				INFOPLIST_KEY_ITSAppUsesNonExemptEncryption = NO;
				INFOPLIST_KEY_NSSupportsLiveActivities = YES;
				INFOPLIST_KEY_UIApplicationSceneManifest_Generation = YES;
				INFOPLIST_KEY_UIApplicationSupportsIndirectInputEvents = YES;
				INFOPLIST_KEY_UILaunchScreen_Generation = YES;
				INFOPLIST_KEY_UISupportedInterfaceOrientations_iPad = "UIInterfaceOrientationPortrait UIInterfaceOrientationPortraitUpsideDown UIInterfaceOrientationLandscapeLeft UIInterfaceOrientationLandscapeRight";
				INFOPLIST_KEY_UISupportedInterfaceOrientations_iPhone = "UIInterfaceOrientationPortrait UIInterfaceOrientationLandscapeLeft UIInterfaceOrientationLandscapeRight";
				LD_RUNPATH_SEARCH_PATHS = (
					"$(inherited)",
					"@executable_path/Frameworks",
				);
				MARKETING_VERSION = 1.2;
				PRODUCT_BUNDLE_IDENTIFIER = com.Xomware.Xomfit;
				PRODUCT_NAME = "$(TARGET_NAME)";
				PROVISIONING_PROFILE_SPECIFIER = "";
				STRING_CATALOG_GENERATE_SYMBOLS = YES;
				SWIFT_APPROACHABLE_CONCURRENCY = YES;
				SWIFT_DEFAULT_ACTOR_ISOLATION = nonisolated;
				SWIFT_EMIT_LOC_STRINGS = YES;
				SWIFT_UPCOMING_FEATURE_MEMBER_IMPORT_VISIBILITY = NO;
				SWIFT_VERSION = 5.0;
				TARGETED_DEVICE_FAMILY = "1,2";
			};
			name = Debug;
		};
		F29F213E2F5F61DD00683551 /* Release */ = {
			isa = XCBuildConfiguration;
			buildSettings = {
				ASSETCATALOG_COMPILER_APPICON_NAME = AppIcon;
				ASSETCATALOG_COMPILER_GLOBAL_ACCENT_COLOR_NAME = AccentColor;
				CODE_SIGN_ENTITLEMENTS = Xomfit/Xomfit.entitlements;
				CODE_SIGN_IDENTITY = "Apple Development";
				CODE_SIGN_STYLE = Automatic;
				CURRENT_PROJECT_VERSION = 3;
				DEVELOPMENT_TEAM = A3HMLDS2AL;
				ENABLE_PREVIEWS = YES;
				GENERATE_INFOPLIST_FILE = YES;
				INFOPLIST_KEY_ITSAppUsesNonExemptEncryption = NO;
				INFOPLIST_KEY_NSSupportsLiveActivities = YES;
				INFOPLIST_KEY_UIApplicationSceneManifest_Generation = YES;
				INFOPLIST_KEY_UIApplicationSupportsIndirectInputEvents = YES;
				INFOPLIST_KEY_UILaunchScreen_Generation = YES;
				INFOPLIST_KEY_UISupportedInterfaceOrientations_iPad = "UIInterfaceOrientationPortrait UIInterfaceOrientationPortraitUpsideDown UIInterfaceOrientationLandscapeLeft UIInterfaceOrientationLandscapeRight";
				INFOPLIST_KEY_UISupportedInterfaceOrientations_iPhone = "UIInterfaceOrientationPortrait UIInterfaceOrientationLandscapeLeft UIInterfaceOrientationLandscapeRight";
				LD_RUNPATH_SEARCH_PATHS = (
					"$(inherited)",
					"@executable_path/Frameworks",
				);
				MARKETING_VERSION = 1.2;
				PRODUCT_BUNDLE_IDENTIFIER = com.Xomware.Xomfit;
				PRODUCT_NAME = "$(TARGET_NAME)";
				PROVISIONING_PROFILE_SPECIFIER = "";
				STRING_CATALOG_GENERATE_SYMBOLS = YES;
				SWIFT_APPROACHABLE_CONCURRENCY = YES;
				SWIFT_DEFAULT_ACTOR_ISOLATION = nonisolated;
				SWIFT_EMIT_LOC_STRINGS = YES;
				SWIFT_UPCOMING_FEATURE_MEMBER_IMPORT_VISIBILITY = NO;
				SWIFT_VERSION = 5.0;
				TARGETED_DEVICE_FAMILY = "1,2";
			};
			name = Release;
		};
		F2FA6B222F7C0636009E1AB8 /* Debug */ = {
			isa = XCBuildConfiguration;
			buildSettings = {
				ASSETCATALOG_COMPILER_GLOBAL_ACCENT_COLOR_NAME = AccentColor;
				ASSETCATALOG_COMPILER_WIDGET_BACKGROUND_COLOR_NAME = WidgetBackground;
				CODE_SIGN_ENTITLEMENTS = XomfitWidget/XomfitWidget.entitlements;
				CODE_SIGN_IDENTITY = "Apple Development";
				CODE_SIGN_STYLE = Automatic;
				CURRENT_PROJECT_VERSION = 3;
				DEVELOPMENT_TEAM = A3HMLDS2AL;
				GENERATE_INFOPLIST_FILE = YES;
				INFOPLIST_FILE = XomfitWidget/Info.plist;
				INFOPLIST_KEY_CFBundleDisplayName = XomfitWidget;
				INFOPLIST_KEY_ITSAppUsesNonExemptEncryption = NO;
				INFOPLIST_KEY_NSHumanReadableCopyright = "";
				LD_RUNPATH_SEARCH_PATHS = (
					"$(inherited)",
					"@executable_path/Frameworks",
					"@executable_path/../../Frameworks",
				);
				MARKETING_VERSION = 1.2;
				PRODUCT_BUNDLE_IDENTIFIER = com.Xomware.Xomfit.XomfitWidget;
				PRODUCT_NAME = "$(TARGET_NAME)";
				SKIP_INSTALL = YES;
				STRING_CATALOG_GENERATE_SYMBOLS = YES;
				SWIFT_APPROACHABLE_CONCURRENCY = YES;
				SWIFT_EMIT_LOC_STRINGS = YES;
				SWIFT_UPCOMING_FEATURE_MEMBER_IMPORT_VISIBILITY = YES;
				SWIFT_VERSION = 5.0;
				TARGETED_DEVICE_FAMILY = "1,2";
			};
			name = Debug;
		};
		F2FA6B232F7C0636009E1AB8 /* Release */ = {
			isa = XCBuildConfiguration;
			buildSettings = {
				ASSETCATALOG_COMPILER_GLOBAL_ACCENT_COLOR_NAME = AccentColor;
				ASSETCATALOG_COMPILER_WIDGET_BACKGROUND_COLOR_NAME = WidgetBackground;
				CODE_SIGN_ENTITLEMENTS = XomfitWidget/XomfitWidget.entitlements;
				CODE_SIGN_IDENTITY = "Apple Development";
				CODE_SIGN_STYLE = Automatic;
				CURRENT_PROJECT_VERSION = 3;
				DEVELOPMENT_TEAM = A3HMLDS2AL;
				GENERATE_INFOPLIST_FILE = YES;
				INFOPLIST_FILE = XomfitWidget/Info.plist;
				INFOPLIST_KEY_CFBundleDisplayName = XomfitWidget;
				INFOPLIST_KEY_ITSAppUsesNonExemptEncryption = NO;
				INFOPLIST_KEY_NSHumanReadableCopyright = "";
				LD_RUNPATH_SEARCH_PATHS = (
					"$(inherited)",
					"@executable_path/Frameworks",
					"@executable_path/../../Frameworks",
				);
				MARKETING_VERSION = 1.2;
				PRODUCT_BUNDLE_IDENTIFIER = com.Xomware.Xomfit.XomfitWidget;
				PRODUCT_NAME = "$(TARGET_NAME)";
				SKIP_INSTALL = YES;
				STRING_CATALOG_GENERATE_SYMBOLS = YES;
				SWIFT_APPROACHABLE_CONCURRENCY = YES;
				SWIFT_EMIT_LOC_STRINGS = YES;
				SWIFT_UPCOMING_FEATURE_MEMBER_IMPORT_VISIBILITY = YES;
				SWIFT_VERSION = 5.0;
				TARGETED_DEVICE_FAMILY = "1,2";
			};
			name = Release;
		};
/* End XCBuildConfiguration section */

/* Begin XCConfigurationList section */
		F29F212C2F5F61DC00683551 /* Build configuration list for PBXProject "Xomfit" */ = {
			isa = XCConfigurationList;
			buildConfigurations = (
				F29F213A2F5F61DD00683551 /* Debug */,
				F29F213B2F5F61DD00683551 /* Release */,
			);
			defaultConfigurationIsVisible = 0;
			defaultConfigurationName = Release;
		};
		F29F213C2F5F61DD00683551 /* Build configuration list for PBXNativeTarget "Xomfit" */ = {
			isa = XCConfigurationList;
			buildConfigurations = (
				F29F213D2F5F61DD00683551 /* Debug */,
				F29F213E2F5F61DD00683551 /* Release */,
			);
			defaultConfigurationIsVisible = 0;
			defaultConfigurationName = Release;
		};
		F2FA6B212F7C0636009E1AB8 /* Build configuration list for PBXNativeTarget "XomfitWidgetExtension" */ = {
			isa = XCConfigurationList;
			buildConfigurations = (
				F2FA6B222F7C0636009E1AB8 /* Debug */,
				F2FA6B232F7C0636009E1AB8 /* Release */,
			);
			defaultConfigurationIsVisible = 0;
			defaultConfigurationName = Release;
		};
/* End XCConfigurationList section */

/* Begin XCRemoteSwiftPackageReference section */
		F29F213F2F5F620700683551 /* XCRemoteSwiftPackageReference "supabase-swift" */ = {
			isa = XCRemoteSwiftPackageReference;
			repositoryURL = "https://github.com/supabase/supabase-swift";
			requirement = {
				kind = upToNextMajorVersion;
				minimumVersion = 2.5.1;
			};
		};
/* End XCRemoteSwiftPackageReference section */

/* Begin XCSwiftPackageProductDependency section */
		F29F21402F5F620700683551 /* Auth */ = {
			isa = XCSwiftPackageProductDependency;
			package = F29F213F2F5F620700683551 /* XCRemoteSwiftPackageReference "supabase-swift" */;
			productName = Auth;
		};
		F29F21422F5F620700683551 /* Functions */ = {
			isa = XCSwiftPackageProductDependency;
			package = F29F213F2F5F620700683551 /* XCRemoteSwiftPackageReference "supabase-swift" */;
			productName = Functions;
		};
		F29F21442F5F620700683551 /* PostgREST */ = {
			isa = XCSwiftPackageProductDependency;
			package = F29F213F2F5F620700683551 /* XCRemoteSwiftPackageReference "supabase-swift" */;
			productName = PostgREST;
		};
		F29F21462F5F620700683551 /* Realtime */ = {
			isa = XCSwiftPackageProductDependency;
			package = F29F213F2F5F620700683551 /* XCRemoteSwiftPackageReference "supabase-swift" */;
			productName = Realtime;
		};
		F29F21482F5F620700683551 /* Storage */ = {
			isa = XCSwiftPackageProductDependency;
			package = F29F213F2F5F620700683551 /* XCRemoteSwiftPackageReference "supabase-swift" */;
			productName = Storage;
		};
		F29F214A2F5F620700683551 /* Supabase */ = {
			isa = XCSwiftPackageProductDependency;
			package = F29F213F2F5F620700683551 /* XCRemoteSwiftPackageReference "supabase-swift" */;
			productName = Supabase;
		};
/* End XCSwiftPackageProductDependency section */
	};
	rootObject = F29F21292F5F61DC00683551 /* Project object */;
}
